# THIS IS AN AUTOGENERATED FILE. DO NOT EDIT THIS FILE DIRECTLY.
assets/ajax-cart.js.liquid:
  development: 2017-06-24T18:55:04+08:00   5089d437026dde38c1918ea91324d35a
assets/fastclick.min.js:
  development: 2017-06-24T18:55:05+08:00   4c68290ccc4d503561895dff0821621f
assets/favicon_small.png:
  development: 2017-07-19T08:38:26+08:00   2e003e571f13c1a867460f72faef942e
assets/gift-card.scss.liquid:
  development: 2017-06-24T18:55:05+08:00   c4d99d6414af35760c5112b609962e87
assets/handlebars.min.js:
  development: 2017-06-24T18:55:05+08:00   b3c11508a224ee83f86e2fc6491e9751
assets/ico-select.svg.liquid:
  development: 2017-06-24T18:55:05+08:00   9c9cc5a57cc74a0a64c2f62b1370a920
assets/icons.eot:
  development: 2017-07-25T10:57:01+08:00   ccd01c72e2e2300dc861db640fa38928
assets/icons.json:
  development: 2017-07-25T10:57:07+08:00   6bee3e916397eb7e5bf2118cd0294c88
assets/icons.svg:
  development: 2017-07-25T10:57:01+08:00   e036505ff2873e2827041e84b99b6ef8
assets/icons.ttf:
  development: 2017-07-25T10:57:00+08:00   d709f1ab081622dd69965bb69dedce5f
assets/icons.woff:
  development: 2017-07-25T10:56:59+08:00   9b3fa6f7171589c3f93d57c5b5d183ca
assets/logo.jpg:
  development: 2017-07-27T17:38:17+08:00   ff9a839ae97a20d3ee2561543ce62713
assets/logo.png:
  development: 2017-07-11T15:26:18+08:00   21563cefd584e5bd5a646eae15d2b4ef
assets/modernizr.min.js:
  development: 2017-06-24T18:55:06+08:00   dc21cffad945a84cbbe770d52b1a0ded
assets/ni-night.scss.liquid:
  development: 2017-11-29T03:31:50+08:00   bb4fbf9730dbc12228b188d1755c5504
assets/respond-proxy.html:
  development: 2017-06-24T18:55:06+08:00   75002d74a330bff6bf069284da503b4c
assets/respond.min.js:
  development: 2017-06-24T18:55:06+08:00   a2684e9b8fa50d6d11c56a9ada068528
assets/timber.js.liquid:
  development: 2017-06-24T18:55:06+08:00   8663e17d15e94386b5d6fb7c3e44b0bf
config/settings_data.json:
  development: 2017-11-28T07:06:30+08:00   33725cd55babba36a8d5604035a93ff3
config/settings_schema.json:
  development: 2017-11-28T07:06:20+08:00   1e8fcbf666a79c01b00574f89ef7b96f
layout/theme.liquid:
  development: 2017-07-27T17:55:48+08:00   b145e015cddae621369c3b7538c2379b
locales/en.default.json:
  development: 2017-07-21T11:50:44+08:00   caa15c3ff2304957ec2c8fc4f1e730e3
sections/homepage-grid.liquid:
  development: 2017-11-29T03:31:28+08:00   921de75a8208616312fdfc921ab104b0
sections/homepage-slideshow.liquid:
  development: 2017-11-29T03:31:07+08:00   2846a2cc825bdac68bfe39ae0663f562
sections/inspiration-blocks.liquid:
  development: 2017-07-25T12:44:14+08:00   02a840234a4202470e43ed6522fcbcf1
sections/testimonial.liquid:
  development: 2017-11-28T02:39:45+08:00   0f1328ffdbd531de497c26c5ba8190de
snippets/ajax-cart-template.liquid:
  development: 2017-07-27T16:55:11+08:00   febc672cacdd5b681ed5e0f37607fab0
snippets/blog-sidebar.liquid:
  development: 2017-06-24T18:55:06+08:00   ae3891e372509ded7074e50b2a97f438
snippets/breadcrumb.liquid:
  development: 2017-07-08T18:21:27+08:00   2d0d90240739204144f9c21cf661f319
snippets/collection-sidebar.liquid:
  development: 2017-07-19T09:06:50+08:00   12ecd41fcaf6a2805efd0d96c47e3979
snippets/collection-sorting.liquid:
  development: 2017-07-08T17:20:18+08:00   0c4f62acefefdb7456129d3b10ca5dad
snippets/comment.liquid:
  development: 2017-06-24T18:55:06+08:00   c766e42be8a74e05533d0e5a0e3a9ce3
snippets/homepage-grid.liquid:
  development: 2017-07-25T12:21:32+08:00   95663dc00aeceb8856888437f0286096
snippets/image-block.liquid:
  development: 2017-07-25T12:22:05+08:00   98bd8007a5511d45e8f3c70794787998
snippets/instagram-latest.liquid:
  development: 2017-07-21T13:53:31+08:00   e70c31df794f6e09a9cc0c5322ca5de1
snippets/map.liquid:
  development: 2017-07-26T13:48:01+08:00   2bd8c812944469198cd54ee6de1e610b
snippets/mega-menu.liquid:
  development: 2017-07-17T09:42:30+08:00   75305453fcbfdfe580c0feb54e400b02
snippets/newsletter.liquid:
  development: 2017-07-25T10:36:39+08:00   5072f0997a75843de640d79f4041127d
snippets/oldIE-js.liquid:
  development: 2017-06-24T18:55:06+08:00   1197cc7109944206a600ed5caaef6a6f
snippets/onboarding-empty-collection.liquid:
  development: 2017-06-24T18:55:06+08:00   b25d81b4ba1c3e279fa58a5aade16b43
snippets/onboarding-featured-collections.liquid:
  development: 2017-06-24T18:55:06+08:00   63d3e42eb5e78f32bdd7d7bb96c2aa81
snippets/onboarding-featured-products.liquid:
  development: 2017-06-24T18:55:06+08:00   6a32fc5786e0f1dc98a1f75897fca8b3
snippets/opening-hours.liquid:
  development: 2017-07-27T17:36:47+08:00   88ea7a5be6fef5d10a638a916772b79a
snippets/product-grid-item.liquid:
  development: 2017-11-26T18:14:34+08:00   e9601aaf2f7e7ef84444681035a579d7
snippets/product-images.liquid:
  development: 2017-07-21T11:33:53+08:00   434bb3fad35edb487e7b88b6284dffcf
snippets/respond.liquid:
  development: 2017-06-24T18:55:06+08:00   ca6abf0635dc2ad8c6bd377f83c79f6b
snippets/sale-flash.liquid:
  development: 2017-07-19T13:12:06+08:00   b3f9e52f54a427e50511f109b7eddac6
snippets/search-bar.liquid:
  development: 2017-07-24T07:43:59+08:00   511270a4b76d889bf5463c4c5486c771
snippets/share-bar.liquid:
  development: 2017-07-18T10:33:33+08:00   37530b83f01c6d47707dba4c73ec9241
snippets/similar-products.liquid:
  development: 2017-07-21T11:15:57+08:00   2326d8f2dc51234b8c7125f76847a5b7
snippets/social-links.liquid:
  development: 2017-06-29T14:26:15+08:00   70fef0aca034c1d29894bffc81020d60
snippets/social-meta-tags.liquid:
  development: 2017-06-24T18:55:06+08:00   e7c97d7cb76c7925dd144dfb7b188cac
snippets/tags-article.liquid:
  development: 2017-06-24T18:55:06+08:00   52bc59a44a51be2f1745559c2ba514a2
templates/404.liquid:
  development: 2017-06-24T18:55:06+08:00   44a6b0129de575e7085a047bc2096a76
templates/article.liquid:
  development: 2017-07-25T11:46:12+08:00   ff67120cd7978f6390cdb79827f34d02
templates/blog.liquid:
  development: 2017-07-19T15:35:30+08:00   74aee73d32622ba27e0ca5150f5a5e7d
templates/cart.liquid:
  development: 2017-06-24T18:55:06+08:00   49bbbe1b3bda19110f7e72abc158bb91
templates/collection.liquid:
  development: 2017-07-08T20:13:18+08:00   2fa3be1a3765e3ed90017172c88001da
templates/customers/account.liquid:
  development: 2017-06-24T18:55:07+08:00   da9e3584ef6699ac5c811b73b42c58db
templates/customers/activate_account.liquid:
  development: 2017-06-24T18:55:07+08:00   d92bfce42f05a75de2f61cb6ba433e69
templates/customers/addresses.liquid:
  development: 2017-06-24T18:55:07+08:00   998f4a7deb6a33d014cbc3f0075b8050
templates/customers/login.liquid:
  development: 2017-06-24T18:55:07+08:00   e292c0a273f17c7835d558e1b61149cf
templates/customers/order.liquid:
  development: 2017-06-24T18:55:07+08:00   e3ec01e9286bf4daa7b5a3a7bbe8479c
templates/customers/register.liquid:
  development: 2017-06-24T18:55:07+08:00   77a294477ea2d6de5861f583e2a05051
templates/customers/reset_password.liquid:
  development: 2017-06-24T18:55:07+08:00   66ba7b680ca26b2eba0f162d4122d94c
templates/gift_card.liquid:
  development: 2017-06-24T18:55:07+08:00   c1ae0f8232e003fac57213d1353e513c
templates/index.liquid:
  development: 2017-11-28T02:39:44+08:00   16627ce67e4f3973c37ccc6c1a2aa480
templates/list-collections.liquid:
  development: 2017-11-26T18:30:51+08:00   03faec98731e72f83d2c514aeb1ff485
templates/page.contact.liquid:
  development: 2017-07-21T10:23:27+08:00   9c7c126bc33fe06edb67ce10336ce72d
templates/page.inspiration.liquid:
  development: 2017-07-25T12:28:24+08:00   9b457120d24570d755971ea387f11446
templates/page.liquid:
  development: 2017-07-21T10:16:06+08:00   d94d9910beb2e317a702cd2eb6e16c50
templates/product.liquid:
  development: 2017-07-18T14:14:57+08:00   543e487da8ea11790d471065d45a37d2
templates/search.liquid:
  development: 2017-07-24T08:02:27+08:00   e221948ebdfef840b390b77909bd71b0
